PODS:
  - Starscream (3.0.0)
  - SwiftyJSON (4.0.0)
  - WebRTC (63.11.20455)

DEPENDENCIES:
  - Starscream (= 3.0.0)
  - SwiftyJSON (= 4.0.0)
  - WebRTC (= 63.11.20455)

SPEC REPOS:
  trunk:
    - Starscream
    - SwiftyJSON
    - WebRTC

SPEC CHECKSUMS:
  Starscream: 877369259cafa975ceaf2ce11eb9ef54ac51e195
  SwiftyJSON: 070dabdcb1beb81b247c65ffa3a79dbbfb3b48aa
  WebRTC: f2a6203584745fe53532633397557876b5d71640

PODFILE CHECKSUM: ad9885623cd624be92158a27d3e05eae52bf9c2e

COCOAPODS: 1.9.1
